
Microsoft Visual Studio Solution File, Format Version 12.00
# Visual Studio 15
VisualStudioVersion = 15.0.28307.1022
MinimumVisualStudioVersion = 10.0.40219.1
Project("{8BC9CEB8-8B4A-11D0-8D11-00A0C91BC942}") = "TiberianDawn", "TiberianDawn\TiberianDawn.vcxproj", "{1380ED08-82A3-49C2-A171-1915574B3382}"
EndProject
Project("{8BC9CEB8-8B4A-11D0-8D11-00A0C91BC942}") = "RedAlert", "REDALERT\RedAlert.vcxproj", "{DA948ED9-EF67-4813-94B7-995BE956786E}"
EndProject
Project("{8BC9CEB8-8B4A-11D0-8D11-00A0C91BC942}") = "KeyboardHook", "KeyboardHook\KeyboardHook.vcxproj", "{D1F69335-E67C-4872-9E89-90C859CEBDE9}"
EndProject
Project("{2150E333-8FDC-42A3-9474-1A3956D46DE8}") = "Solution Items", "Solution Items", "{8600DC7D-E644-4393-B4C9-FD8DE9259958}"
	ProjectSection(SolutionItems) = preProject
		README.md = README.md
	EndProjectSection
EndProject
Project("{8BC9CEB8-8B4A-11D0-8D11-00A0C91BC942}") = "ModCommon", "ModCommon\ModCommon.vcxproj", "{98DF26B1-5049-49E0-A720-F022DFA274DD}"
EndProject
Global
	GlobalSection(SolutionConfigurationPlatforms) = preSolution
		Debug|x86 = Debug|x86
		Release|x86 = Release|x86
		Release-Beta|x86 = Release-Beta|x86
		Release-Release|x86 = Release-Release|x86
	EndGlobalSection
	GlobalSection(ProjectConfigurationPlatforms) = postSolution
		{1380ED08-82A3-49C2-A171-1915574B3382}.Debug|x86.ActiveCfg = Debug|Win32
		{1380ED08-82A3-49C2-A171-1915574B3382}.Debug|x86.Build.0 = Debug|Win32
		{1380ED08-82A3-49C2-A171-1915574B3382}.Release|x86.ActiveCfg = Release|Win32
		{1380ED08-82A3-49C2-A171-1915574B3382}.Release|x86.Build.0 = Release|Win32
		{1380ED08-82A3-49C2-A171-1915574B3382}.Release-Beta|x86.ActiveCfg = Release-Beta|Win32
		{1380ED08-82A3-49C2-A171-1915574B3382}.Release-Beta|x86.Build.0 = Release-Beta|Win32
		{1380ED08-82A3-49C2-A171-1915574B3382}.Release-Release|x86.ActiveCfg = Release-Release|Win32
		{1380ED08-82A3-49C2-A171-1915574B3382}.Release-Release|x86.Build.0 = Release-Release|Win32
		{DA948ED9-EF67-4813-94B7-995BE956786E}.Debug|x86.ActiveCfg = Debug|Win32
		{DA948ED9-EF67-4813-94B7-995BE956786E}.Debug|x86.Build.0 = Debug|Win32
		{DA948ED9-EF67-4813-94B7-995BE956786E}.Release|x86.ActiveCfg = Release|Win32
		{DA948ED9-EF67-4813-94B7-995BE956786E}.Release|x86.Build.0 = Release|Win32
		{DA948ED9-EF67-4813-94B7-995BE956786E}.Release-Beta|x86.ActiveCfg = Release-Beta|Win32
		{DA948ED9-EF67-4813-94B7-995BE956786E}.Release-Beta|x86.Build.0 = Release-Beta|Win32
		{DA948ED9-EF67-4813-94B7-995BE956786E}.Release-Release|x86.ActiveCfg = Release-Release|Win32
		{DA948ED9-EF67-4813-94B7-995BE956786E}.Release-Release|x86.Build.0 = Release-Release|Win32
		{D1F69335-E67C-4872-9E89-90C859CEBDE9}.Debug|x86.ActiveCfg = Debug|Win32
		{D1F69335-E67C-4872-9E89-90C859CEBDE9}.Debug|x86.Build.0 = Debug|Win32
		{D1F69335-E67C-4872-9E89-90C859CEBDE9}.Release|x86.ActiveCfg = Release|Win32
		{D1F69335-E67C-4872-9E89-90C859CEBDE9}.Release|x86.Build.0 = Release|Win32
		{D1F69335-E67C-4872-9E89-90C859CEBDE9}.Release-Beta|x86.ActiveCfg = Release-Beta|Win32
		{D1F69335-E67C-4872-9E89-90C859CEBDE9}.Release-Beta|x86.Build.0 = Release-Beta|Win32
		{D1F69335-E67C-4872-9E89-90C859CEBDE9}.Release-Release|x86.ActiveCfg = Release-Release|Win32
		{D1F69335-E67C-4872-9E89-90C859CEBDE9}.Release-Release|x86.Build.0 = Release-Release|Win32
		{98DF26B1-5049-49E0-A720-F022DFA274DD}.Debug|x86.ActiveCfg = Debug|Win32
		{98DF26B1-5049-49E0-A720-F022DFA274DD}.Debug|x86.Build.0 = Debug|Win32
		{98DF26B1-5049-49E0-A720-F022DFA274DD}.Release|x86.ActiveCfg = Release|Win32
		{98DF26B1-5049-49E0-A720-F022DFA274DD}.Release|x86.Build.0 = Release|Win32
		{98DF26B1-5049-49E0-A720-F022DFA274DD}.Release-Beta|x86.ActiveCfg = Release-Beta|Win32
		{98DF26B1-5049-49E0-A720-F022DFA274DD}.Release-Beta|x86.Build.0 = Release-Beta|Win32
		{98DF26B1-5049-49E0-A720-F022DFA274DD}.Release-Release|x86.ActiveCfg = Release-Release|Win32
		{98DF26B1-5049-49E0-A720-F022DFA274DD}.Release-Release|x86.Build.0 = Release-Release|Win32
	EndGlobalSection
	GlobalSection(SolutionProperties) = preSolution
		HideSolutionNode = FALSE
	EndGlobalSection
	GlobalSection(ExtensibilityGlobals) = postSolution
		SolutionGuid = {712D2733-25EE-407D-AEF8-B2342757E119}
	EndGlobalSection
EndGlobal
